// !$*UTF8*$!
{
	archiveVersion = 1;
	classes = {
	};
	objectVersion = 77;
	objects = {

/* Begin PBXBuildFile section */
		A00000000000000000000016 /* Cocoa.framework in Frameworks */ = {isa = PBXBuildFile; fileRef = A00000000000000000000006 /* Cocoa.framework */; };
		A00000000000000000000174 /* Cocoa.framework in Frameworks */ = {isa = PBXBuildFile; fileRef = A00000000000000000000006 /* Cocoa.framework */; };
		A00000000000000000000175 /* XCTest.framework in Frameworks */ = {isa = PBXBuildFile; fileRef = A00000000000000000000176 /* XCTest.framework */; };
		A00000000000000000000123 /* Assets.xcassets in Resources */ = {isa = PBXBuildFile; fileRef = A00000000000000000000122 /* Assets.xcassets */; };
		A00000000000000000000111 /* AppDelegate.swift in Sources */ = {isa = PBXBuildFile; fileRef = A00000000000000000000101 /* AppDelegate.swift */; };
		A0000000000000000000013C /* AppColors.swift in Sources */ = {isa = PBXBuildFile; fileRef = A0000000000000000000013D /* AppColors.swift */; };
		A00000000000000000000124 /* DocumentController.swift in Sources */ = {isa = PBXBuildFile; fileRef = A00000000000000000000125 /* DocumentController.swift */; };
		A00000000000000000000146 /* SettingsCoordinator.swift in Sources */ = {isa = PBXBuildFile; fileRef = A00000000000000000000147 /* SettingsCoordinator.swift */; };
		A0000000000000000000016A /* AppButton.swift in Sources */ = {isa = PBXBuildFile; fileRef = A0000000000000000000016B /* AppButton.swift */; };
		A00000000000000000000166 /* FontSelectionRowView.swift in Sources */ = {isa = PBXBuildFile; fileRef = A00000000000000000000167 /* FontSelectionRowView.swift */; };
		A0000000000000000000016C /* GoToLineViewController.swift in Sources */ = {isa = PBXBuildFile; fileRef = A0000000000000000000016D /* GoToLineViewController.swift */; };
		A0000000000000000000016E /* GoToLineWindowController.swift in Sources */ = {isa = PBXBuildFile; fileRef = A0000000000000000000016F /* GoToLineWindowController.swift */; };
		A00000000000000000000148 /* SettingsViewController.swift in Sources */ = {isa = PBXBuildFile; fileRef = A00000000000000000000149 /* SettingsViewController.swift */; };
		A0000000000000000000014A /* SettingsWindowController.swift in Sources */ = {isa = PBXBuildFile; fileRef = A0000000000000000000014B /* SettingsWindowController.swift */; };
		A00000000000000000000112 /* MenuBuilder.swift in Sources */ = {isa = PBXBuildFile; fileRef = A00000000000000000000102 /* MenuBuilder.swift */; };
		A0000000000000000000014C /* ThemeSelectionRowView.swift in Sources */ = {isa = PBXBuildFile; fileRef = A0000000000000000000014D /* ThemeSelectionRowView.swift */; };
		A0000000000000000000014E /* ThemeManager.swift in Sources */ = {isa = PBXBuildFile; fileRef = A0000000000000000000014F /* ThemeManager.swift */; };
		A00000000000000000000150 /* ThemePalette.swift in Sources */ = {isa = PBXBuildFile; fileRef = A00000000000000000000151 /* ThemePalette.swift */; };
		A00000000000000000000152 /* ThemeStore.swift in Sources */ = {isa = PBXBuildFile; fileRef = A00000000000000000000153 /* ThemeStore.swift */; };
		A00000000000000000000113 /* VminiApp.swift in Sources */ = {isa = PBXBuildFile; fileRef = A00000000000000000000103 /* VminiApp.swift */; };
		A00000000000000000000120 /* UserDefaultsKeys.swift in Sources */ = {isa = PBXBuildFile; fileRef = A00000000000000000000110 /* UserDefaultsKeys.swift */; };
			A0000000000000000000013A /* WorkspaceWindowController.swift in Sources */ = {isa = PBXBuildFile; fileRef = A0000000000000000000013B /* WorkspaceWindowController.swift */; };
		A00000000000000000000114 /* Document.swift in Sources */ = {isa = PBXBuildFile; fileRef = A00000000000000000000104 /* Document.swift */; };
		A0000000000000000000012C /* DocumentFileWatcher.swift in Sources */ = {isa = PBXBuildFile; fileRef = A0000000000000000000012D /* DocumentFileWatcher.swift */; };
		A00000000000000000000115 /* OpenDocumentsStore.swift in Sources */ = {isa = PBXBuildFile; fileRef = A00000000000000000000105 /* OpenDocumentsStore.swift */; };
		A00000000000000000000160 /* SyntaxOverrideStore.swift in Sources */ = {isa = PBXBuildFile; fileRef = A00000000000000000000161 /* SyntaxOverrideStore.swift */; };
		A00000000000000000000162 /* RestorableDocumentReference.swift in Sources */ = {isa = PBXBuildFile; fileRef = A00000000000000000000163 /* RestorableDocumentReference.swift */; };
		A00000000000000000000116 /* SessionRestorer.swift in Sources */ = {isa = PBXBuildFile; fileRef = A00000000000000000000106 /* SessionRestorer.swift */; };
		A00000000000000000000117 /* EditorSettings.swift in Sources */ = {isa = PBXBuildFile; fileRef = A00000000000000000000107 /* EditorSettings.swift */; };
		A00000000000000000000168 /* EditorFont.swift in Sources */ = {isa = PBXBuildFile; fileRef = A00000000000000000000169 /* EditorFont.swift */; };
		A00000000000000000000190 /* ErrorBannerView.swift in Sources */ = {isa = PBXBuildFile; fileRef = A00000000000000000000191 /* ErrorBannerView.swift */; };
		A00000000000000000000192 /* EditorTextViewStyler.swift in Sources */ = {isa = PBXBuildFile; fileRef = A00000000000000000000193 /* EditorTextViewStyler.swift */; };
		A00000000000000000000194 /* EditorSyntaxHighlightController.swift in Sources */ = {isa = PBXBuildFile; fileRef = A00000000000000000000195 /* EditorSyntaxHighlightController.swift */; };
		A00000000000000000000196 /* EditorViewportController.swift in Sources */ = {isa = PBXBuildFile; fileRef = A00000000000000000000197 /* EditorViewportController.swift */; };
		A00000000000000000000172 /* EditorTextEditing.swift in Sources */ = {isa = PBXBuildFile; fileRef = A00000000000000000000173 /* EditorTextEditing.swift */; };
		A0000000000000000000018C /* EditorTextEditing.swift in Sources */ = {isa = PBXBuildFile; fileRef = A00000000000000000000173 /* EditorTextEditing.swift */; };
		A00000000000000000000118 /* EditorViewController.swift in Sources */ = {isa = PBXBuildFile; fileRef = A00000000000000000000108 /* EditorViewController.swift */; };
		A00000000000000000000119 /* LineNumberRuler.swift in Sources */ = {isa = PBXBuildFile; fileRef = A00000000000000000000109 /* LineNumberRuler.swift */; };
		A0000000000000000000018D /* SyntaxLanguage.swift in Sources */ = {isa = PBXBuildFile; fileRef = A0000000000000000000018F /* SyntaxLanguage.swift */; };
		A0000000000000000000018E /* SyntaxLanguage.swift in Sources */ = {isa = PBXBuildFile; fileRef = A0000000000000000000018F /* SyntaxLanguage.swift */; };
		A0000000000000000000015C /* JSONPrettifier.swift in Sources */ = {isa = PBXBuildFile; fileRef = A0000000000000000000015D /* JSONPrettifier.swift */; };
		A0000000000000000000013E /* SyntaxHighlighting.swift in Sources */ = {isa = PBXBuildFile; fileRef = A0000000000000000000013F /* SyntaxHighlighting.swift */; };
		A00000000000000000000140 /* MarkdownSyntaxHighlighter.swift in Sources */ = {isa = PBXBuildFile; fileRef = A00000000000000000000141 /* MarkdownSyntaxHighlighter.swift */; };
		A00000000000000000000143 /* PlainTextSyntaxHighlighter.swift in Sources */ = {isa = PBXBuildFile; fileRef = A00000000000000000000144 /* PlainTextSyntaxHighlighter.swift */; };
		A00000000000000000000156 /* BashSyntaxHighlighter.swift in Sources */ = {isa = PBXBuildFile; fileRef = A00000000000000000000157 /* BashSyntaxHighlighter.swift */; };
		A00000000000000000000158 /* SSHConfigSyntaxHighlighter.swift in Sources */ = {isa = PBXBuildFile; fileRef = A00000000000000000000159 /* SSHConfigSyntaxHighlighter.swift */; };
		A0000000000000000000015A /* JSONSyntaxHighlighter.swift in Sources */ = {isa = PBXBuildFile; fileRef = A0000000000000000000015B /* JSONSyntaxHighlighter.swift */; };
		A0000000000000000000011A /* OpenFilesSidebar.swift in Sources */ = {isa = PBXBuildFile; fileRef = A0000000000000000000010A /* OpenFilesSidebar.swift */; };
		A0000000000000000000011B /* SidebarSelectionRowView.swift in Sources */ = {isa = PBXBuildFile; fileRef = A0000000000000000000010B /* SidebarSelectionRowView.swift */; };
		A0000000000000000000011C /* EditorContentViewController.swift in Sources */ = {isa = PBXBuildFile; fileRef = A0000000000000000000010C /* EditorContentViewController.swift */; };
		A0000000000000000000011D /* EditorWindow.swift in Sources */ = {isa = PBXBuildFile; fileRef = A0000000000000000000010D /* EditorWindow.swift */; };
		A00000000000000000000164 /* EditorStatusBarView.swift in Sources */ = {isa = PBXBuildFile; fileRef = A00000000000000000000165 /* EditorStatusBarView.swift */; };
		A0000000000000000000011F /* ResizeHandleView.swift in Sources */ = {isa = PBXBuildFile; fileRef = A0000000000000000000010F /* ResizeHandleView.swift */; };
		A00000000000000000000126 /* FileDropHandling.swift in Sources */ = {isa = PBXBuildFile; fileRef = A00000000000000000000127 /* FileDropHandling.swift */; };
		A00000000000000000000128 /* OpenFoldersStore.swift in Sources */ = {isa = PBXBuildFile; fileRef = A0000000000000000000012A /* OpenFoldersStore.swift */; };
		A00000000000000000000129 /* OpenFoldersSidebar.swift in Sources */ = {isa = PBXBuildFile; fileRef = A0000000000000000000012B /* OpenFoldersSidebar.swift */; };
		A00000000000000000000177 /* EditorTextEditingTests.swift in Sources */ = {isa = PBXBuildFile; fileRef = A00000000000000000000178 /* EditorTextEditingTests.swift */; };
		A00000000000000000000179 /* EditorCommandTests.swift in Sources */ = {isa = PBXBuildFile; fileRef = A0000000000000000000017A /* EditorCommandTests.swift */; };
		A0000000000000000000017B /* EditorFontTests.swift in Sources */ = {isa = PBXBuildFile; fileRef = A0000000000000000000017C /* EditorFontTests.swift */; };
		A0000000000000000000017D /* SyntaxHighlightingTests.swift in Sources */ = {isa = PBXBuildFile; fileRef = A0000000000000000000017E /* SyntaxHighlightingTests.swift */; };
		A0000000000000000000017F /* ThemeSystemTests.swift in Sources */ = {isa = PBXBuildFile; fileRef = A00000000000000000000180 /* ThemeSystemTests.swift */; };
/* End PBXBuildFile section */

/* Begin PBXContainerItemProxy section */
		A00000000000000000000181 /* PBXContainerItemProxy */ = {
			isa = PBXContainerItemProxy;
			containerPortal = A00000000000000000000042 /* Project object */;
			proxyType = 1;
			remoteGlobalIDString = A00000000000000000000041;
			remoteInfo = vMini;
		};
/* End PBXContainerItemProxy section */

/* Begin PBXFileReference section */
		A00000000000000000000006 /* Cocoa.framework */ = {isa = PBXFileReference; lastKnownFileType = wrapper.framework; name = Cocoa.framework; path = System/Library/Frameworks/Cocoa.framework; sourceTree = SDKROOT; };
		A00000000000000000000007 /* vMini.app */ = {isa = PBXFileReference; explicitFileType = wrapper.application; includeInIndex = 0; path = vMini.app; sourceTree = BUILT_PRODUCTS_DIR; };
		A00000000000000000000176 /* XCTest.framework */ = {isa = PBXFileReference; lastKnownFileType = wrapper.framework; name = XCTest.framework; path = System/Library/Frameworks/XCTest.framework; sourceTree = SDKROOT; };
		A00000000000000000000178 /* EditorTextEditingTests.swift */ = {isa = PBXFileReference; lastKnownFileType = sourcecode.swift; path = EditorTextEditingTests.swift; sourceTree = "<group>"; };
		A0000000000000000000017A /* EditorCommandTests.swift */ = {isa = PBXFileReference; lastKnownFileType = sourcecode.swift; path = EditorCommandTests.swift; sourceTree = "<group>"; };
		A0000000000000000000017C /* EditorFontTests.swift */ = {isa = PBXFileReference; lastKnownFileType = sourcecode.swift; path = EditorFontTests.swift; sourceTree = "<group>"; };
		A0000000000000000000017E /* SyntaxHighlightingTests.swift */ = {isa = PBXFileReference; lastKnownFileType = sourcecode.swift; path = SyntaxHighlightingTests.swift; sourceTree = "<group>"; };
		A00000000000000000000180 /* ThemeSystemTests.swift */ = {isa = PBXFileReference; lastKnownFileType = sourcecode.swift; path = ThemeSystemTests.swift; sourceTree = "<group>"; };
		A00000000000000000000182 /* vminiTests.xctest */ = {isa = PBXFileReference; explicitFileType = wrapper.cfbundle; includeInIndex = 0; path = vminiTests.xctest; sourceTree = BUILT_PRODUCTS_DIR; };
		A0000000000000000000018F /* SyntaxLanguage.swift */ = {isa = PBXFileReference; lastKnownFileType = sourcecode.swift; path = SyntaxLanguage.swift; sourceTree = "<group>"; };
		A00000000000000000000008 /* Info.plist */ = {isa = PBXFileReference; lastKnownFileType = text.plist.xml; path = Info.plist; sourceTree = "<group>"; };
		A00000000000000000000122 /* Assets.xcassets */ = {isa = PBXFileReference; lastKnownFileType = folder.assetcatalog; path = Assets.xcassets; sourceTree = "<group>"; };
		A00000000000000000000101 /* AppDelegate.swift */ = {isa = PBXFileReference; lastKnownFileType = sourcecode.swift; path = AppDelegate.swift; sourceTree = "<group>"; };
		A0000000000000000000013D /* AppColors.swift */ = {isa = PBXFileReference; lastKnownFileType = sourcecode.swift; path = AppColors.swift; sourceTree = "<group>"; };
		A00000000000000000000125 /* DocumentController.swift */ = {isa = PBXFileReference; lastKnownFileType = sourcecode.swift; path = DocumentController.swift; sourceTree = "<group>"; };
		A00000000000000000000147 /* SettingsCoordinator.swift */ = {isa = PBXFileReference; lastKnownFileType = sourcecode.swift; path = SettingsCoordinator.swift; sourceTree = "<group>"; };
		A0000000000000000000016B /* AppButton.swift */ = {isa = PBXFileReference; lastKnownFileType = sourcecode.swift; path = AppButton.swift; sourceTree = "<group>"; };
		A00000000000000000000167 /* FontSelectionRowView.swift */ = {isa = PBXFileReference; lastKnownFileType = sourcecode.swift; path = FontSelectionRowView.swift; sourceTree = "<group>"; };
		A0000000000000000000016D /* GoToLineViewController.swift */ = {isa = PBXFileReference; lastKnownFileType = sourcecode.swift; path = GoToLineViewController.swift; sourceTree = "<group>"; };
		A0000000000000000000016F /* GoToLineWindowController.swift */ = {isa = PBXFileReference; lastKnownFileType = sourcecode.swift; path = GoToLineWindowController.swift; sourceTree = "<group>"; };
		A00000000000000000000149 /* SettingsViewController.swift */ = {isa = PBXFileReference; lastKnownFileType = sourcecode.swift; path = SettingsViewController.swift; sourceTree = "<group>"; };
		A0000000000000000000014B /* SettingsWindowController.swift */ = {isa = PBXFileReference; lastKnownFileType = sourcecode.swift; path = SettingsWindowController.swift; sourceTree = "<group>"; };
		A00000000000000000000102 /* MenuBuilder.swift */ = {isa = PBXFileReference; lastKnownFileType = sourcecode.swift; path = MenuBuilder.swift; sourceTree = "<group>"; };
		A0000000000000000000014D /* ThemeSelectionRowView.swift */ = {isa = PBXFileReference; lastKnownFileType = sourcecode.swift; path = ThemeSelectionRowView.swift; sourceTree = "<group>"; };
		A0000000000000000000014F /* ThemeManager.swift */ = {isa = PBXFileReference; lastKnownFileType = sourcecode.swift; path = ThemeManager.swift; sourceTree = "<group>"; };
		A00000000000000000000151 /* ThemePalette.swift */ = {isa = PBXFileReference; lastKnownFileType = sourcecode.swift; path = ThemePalette.swift; sourceTree = "<group>"; };
		A00000000000000000000153 /* ThemeStore.swift */ = {isa = PBXFileReference; lastKnownFileType = sourcecode.swift; path = ThemeStore.swift; sourceTree = "<group>"; };
		A00000000000000000000103 /* VminiApp.swift */ = {isa = PBXFileReference; lastKnownFileType = sourcecode.swift; path = VminiApp.swift; sourceTree = "<group>"; };
		A00000000000000000000110 /* UserDefaultsKeys.swift */ = {isa = PBXFileReference; lastKnownFileType = sourcecode.swift; path = UserDefaultsKeys.swift; sourceTree = "<group>"; };
			A0000000000000000000013B /* WorkspaceWindowController.swift */ = {isa = PBXFileReference; lastKnownFileType = sourcecode.swift; path = WorkspaceWindowController.swift; sourceTree = "<group>"; };
		A00000000000000000000104 /* Document.swift */ = {isa = PBXFileReference; lastKnownFileType = sourcecode.swift; path = Document.swift; sourceTree = "<group>"; };
		A0000000000000000000012D /* DocumentFileWatcher.swift */ = {isa = PBXFileReference; lastKnownFileType = sourcecode.swift; path = DocumentFileWatcher.swift; sourceTree = "<group>"; };
		A00000000000000000000105 /* OpenDocumentsStore.swift */ = {isa = PBXFileReference; lastKnownFileType = sourcecode.swift; path = OpenDocumentsStore.swift; sourceTree = "<group>"; };
		A00000000000000000000161 /* SyntaxOverrideStore.swift */ = {isa = PBXFileReference; lastKnownFileType = sourcecode.swift; path = SyntaxOverrideStore.swift; sourceTree = "<group>"; };
		A00000000000000000000163 /* RestorableDocumentReference.swift */ = {isa = PBXFileReference; lastKnownFileType = sourcecode.swift; path = RestorableDocumentReference.swift; sourceTree = "<group>"; };
		A00000000000000000000106 /* SessionRestorer.swift */ = {isa = PBXFileReference; lastKnownFileType = sourcecode.swift; path = SessionRestorer.swift; sourceTree = "<group>"; };
		A00000000000000000000107 /* EditorSettings.swift */ = {isa = PBXFileReference; lastKnownFileType = sourcecode.swift; path = EditorSettings.swift; sourceTree = "<group>"; };
		A00000000000000000000169 /* EditorFont.swift */ = {isa = PBXFileReference; lastKnownFileType = sourcecode.swift; path = EditorFont.swift; sourceTree = "<group>"; };
		A00000000000000000000191 /* ErrorBannerView.swift */ = {isa = PBXFileReference; lastKnownFileType = sourcecode.swift; path = ErrorBannerView.swift; sourceTree = "<group>"; };
		A00000000000000000000193 /* EditorTextViewStyler.swift */ = {isa = PBXFileReference; lastKnownFileType = sourcecode.swift; path = EditorTextViewStyler.swift; sourceTree = "<group>"; };
		A00000000000000000000195 /* EditorSyntaxHighlightController.swift */ = {isa = PBXFileReference; lastKnownFileType = sourcecode.swift; path = EditorSyntaxHighlightController.swift; sourceTree = "<group>"; };
		A00000000000000000000197 /* EditorViewportController.swift */ = {isa = PBXFileReference; lastKnownFileType = sourcecode.swift; path = EditorViewportController.swift; sourceTree = "<group>"; };
		A00000000000000000000173 /* EditorTextEditing.swift */ = {isa = PBXFileReference; lastKnownFileType = sourcecode.swift; path = EditorTextEditing.swift; sourceTree = "<group>"; };
		A00000000000000000000108 /* EditorViewController.swift */ = {isa = PBXFileReference; lastKnownFileType = sourcecode.swift; path = EditorViewController.swift; sourceTree = "<group>"; };
		A00000000000000000000109 /* LineNumberRuler.swift */ = {isa = PBXFileReference; lastKnownFileType = sourcecode.swift; path = LineNumberRuler.swift; sourceTree = "<group>"; };
		A0000000000000000000015D /* JSONPrettifier.swift */ = {isa = PBXFileReference; lastKnownFileType = sourcecode.swift; path = JSONPrettifier.swift; sourceTree = "<group>"; };
		A0000000000000000000013F /* SyntaxHighlighting.swift */ = {isa = PBXFileReference; lastKnownFileType = sourcecode.swift; path = SyntaxHighlighting.swift; sourceTree = "<group>"; };
		A00000000000000000000141 /* MarkdownSyntaxHighlighter.swift */ = {isa = PBXFileReference; lastKnownFileType = sourcecode.swift; path = MarkdownSyntaxHighlighter.swift; sourceTree = "<group>"; };
		A00000000000000000000144 /* PlainTextSyntaxHighlighter.swift */ = {isa = PBXFileReference; lastKnownFileType = sourcecode.swift; path = PlainTextSyntaxHighlighter.swift; sourceTree = "<group>"; };
		A00000000000000000000157 /* BashSyntaxHighlighter.swift */ = {isa = PBXFileReference; lastKnownFileType = sourcecode.swift; path = BashSyntaxHighlighter.swift; sourceTree = "<group>"; };
		A00000000000000000000159 /* SSHConfigSyntaxHighlighter.swift */ = {isa = PBXFileReference; lastKnownFileType = sourcecode.swift; path = SSHConfigSyntaxHighlighter.swift; sourceTree = "<group>"; };
		A0000000000000000000015B /* JSONSyntaxHighlighter.swift */ = {isa = PBXFileReference; lastKnownFileType = sourcecode.swift; path = JSONSyntaxHighlighter.swift; sourceTree = "<group>"; };
		A0000000000000000000010A /* OpenFilesSidebar.swift */ = {isa = PBXFileReference; lastKnownFileType = sourcecode.swift; path = OpenFilesSidebar.swift; sourceTree = "<group>"; };
		A0000000000000000000010B /* SidebarSelectionRowView.swift */ = {isa = PBXFileReference; lastKnownFileType = sourcecode.swift; path = SidebarSelectionRowView.swift; sourceTree = "<group>"; };
		A0000000000000000000010C /* EditorContentViewController.swift */ = {isa = PBXFileReference; lastKnownFileType = sourcecode.swift; path = EditorContentViewController.swift; sourceTree = "<group>"; };
		A0000000000000000000010D /* EditorWindow.swift */ = {isa = PBXFileReference; lastKnownFileType = sourcecode.swift; path = EditorWindow.swift; sourceTree = "<group>"; };
		A00000000000000000000165 /* EditorStatusBarView.swift */ = {isa = PBXFileReference; lastKnownFileType = sourcecode.swift; path = EditorStatusBarView.swift; sourceTree = "<group>"; };
		A0000000000000000000010F /* ResizeHandleView.swift */ = {isa = PBXFileReference; lastKnownFileType = sourcecode.swift; path = ResizeHandleView.swift; sourceTree = "<group>"; };
		A00000000000000000000127 /* FileDropHandling.swift */ = {isa = PBXFileReference; lastKnownFileType = sourcecode.swift; path = FileDropHandling.swift; sourceTree = "<group>"; };
		A0000000000000000000012A /* OpenFoldersStore.swift */ = {isa = PBXFileReference; lastKnownFileType = sourcecode.swift; path = OpenFoldersStore.swift; sourceTree = "<group>"; };
		A0000000000000000000012B /* OpenFoldersSidebar.swift */ = {isa = PBXFileReference; lastKnownFileType = sourcecode.swift; path = OpenFoldersSidebar.swift; sourceTree = "<group>"; };
/* End PBXFileReference section */

/* Begin PBXFrameworksBuildPhase section */
		A00000000000000000000021 /* Frameworks */ = {
			isa = PBXFrameworksBuildPhase;
			buildActionMask = 2147483647;
			files = (
				A00000000000000000000016 /* Cocoa.framework in Frameworks */,
			);
			runOnlyForDeploymentPostprocessing = 0;
		};
		A00000000000000000000183 /* Frameworks */ = {
			isa = PBXFrameworksBuildPhase;
			buildActionMask = 2147483647;
			files = (
				A00000000000000000000174 /* Cocoa.framework in Frameworks */,
				A00000000000000000000175 /* XCTest.framework in Frameworks */,
			);
			runOnlyForDeploymentPostprocessing = 0;
		};
/* End PBXFrameworksBuildPhase section */

/* Begin PBXGroup section */
		A00000000000000000000031 = {
			isa = PBXGroup;
			children = (
				A00000000000000000000032 /* vmini */,
				A00000000000000000000184 /* Tests */,
				A00000000000000000000033 /* Frameworks */,
				A00000000000000000000034 /* Products */,
			);
			sourceTree = "<group>";
		};
		A00000000000000000000032 /* vmini */ = {
			isa = PBXGroup;
			children = (
				A00000000000000000000131 /* App */,
				A00000000000000000000122 /* Assets.xcassets */,
				A00000000000000000000132 /* Documents */,
				A00000000000000000000133 /* Editor */,
				A00000000000000000000134 /* Sidebar */,
				A00000000000000000000135 /* Window */,
				A00000000000000000000008 /* Info.plist */,
			);
			path = vmini;
			sourceTree = "<group>";
		};
		A00000000000000000000131 /* App */ = {
			isa = PBXGroup;
			children = (
				A0000000000000000000013D /* AppColors.swift */,
				A00000000000000000000101 /* AppDelegate.swift */,
				A00000000000000000000170 /* Controls */,
				A00000000000000000000125 /* DocumentController.swift */,
				A00000000000000000000171 /* GoToLine */,
				A00000000000000000000154 /* Settings */,
				A00000000000000000000102 /* MenuBuilder.swift */,
				A00000000000000000000155 /* Theme */,
				A00000000000000000000110 /* UserDefaultsKeys.swift */,
				A00000000000000000000103 /* VminiApp.swift */,
			);
			path = App;
			sourceTree = "<group>";
		};
		A00000000000000000000170 /* Controls */ = {
			isa = PBXGroup;
			children = (
				A0000000000000000000016B /* AppButton.swift */,
			);
			path = Controls;
			sourceTree = "<group>";
		};
		A00000000000000000000171 /* GoToLine */ = {
			isa = PBXGroup;
			children = (
				A0000000000000000000016D /* GoToLineViewController.swift */,
				A0000000000000000000016F /* GoToLineWindowController.swift */,
			);
			path = GoToLine;
			sourceTree = "<group>";
		};
		A00000000000000000000154 /* Settings */ = {
			isa = PBXGroup;
			children = (
				A00000000000000000000147 /* SettingsCoordinator.swift */,
				A00000000000000000000167 /* FontSelectionRowView.swift */,
				A00000000000000000000149 /* SettingsViewController.swift */,
				A0000000000000000000014B /* SettingsWindowController.swift */,
				A0000000000000000000014D /* ThemeSelectionRowView.swift */,
			);
			path = Settings;
			sourceTree = "<group>";
		};
		A00000000000000000000155 /* Theme */ = {
			isa = PBXGroup;
			children = (
				A0000000000000000000014F /* ThemeManager.swift */,
				A00000000000000000000151 /* ThemePalette.swift */,
				A00000000000000000000153 /* ThemeStore.swift */,
			);
			path = Theme;
			sourceTree = "<group>";
		};
		A00000000000000000000132 /* Documents */ = {
			isa = PBXGroup;
			children = (
				A00000000000000000000104 /* Document.swift */,
				A0000000000000000000012D /* DocumentFileWatcher.swift */,
				A00000000000000000000105 /* OpenDocumentsStore.swift */,
				A00000000000000000000161 /* SyntaxOverrideStore.swift */,
				A00000000000000000000163 /* RestorableDocumentReference.swift */,
				A00000000000000000000106 /* SessionRestorer.swift */,
			);
			path = Documents;
			sourceTree = "<group>";
		};
		A00000000000000000000133 /* Editor */ = {
			isa = PBXGroup;
			children = (
				A00000000000000000000107 /* EditorSettings.swift */,
				A00000000000000000000169 /* EditorFont.swift */,
				A00000000000000000000191 /* ErrorBannerView.swift */,
				A00000000000000000000193 /* EditorTextViewStyler.swift */,
				A00000000000000000000195 /* EditorSyntaxHighlightController.swift */,
				A00000000000000000000197 /* EditorViewportController.swift */,
				A00000000000000000000173 /* EditorTextEditing.swift */,
				A00000000000000000000108 /* EditorViewController.swift */,
				A0000000000000000000015D /* JSONPrettifier.swift */,
				A00000000000000000000109 /* LineNumberRuler.swift */,
				A00000000000000000000142 /* SyntaxHighlighting */,
			);
			path = Editor;
			sourceTree = "<group>";
		};
		A00000000000000000000142 /* SyntaxHighlighting */ = {
			isa = PBXGroup;
			children = (
				A0000000000000000000018F /* SyntaxLanguage.swift */,
				A0000000000000000000013F /* SyntaxHighlighting.swift */,
				A00000000000000000000144 /* PlainTextSyntaxHighlighter.swift */,
				A00000000000000000000157 /* BashSyntaxHighlighter.swift */,
				A00000000000000000000159 /* SSHConfigSyntaxHighlighter.swift */,
				A0000000000000000000015B /* JSONSyntaxHighlighter.swift */,
				A00000000000000000000141 /* MarkdownSyntaxHighlighter.swift */,
			);
			path = SyntaxHighlighting;
			sourceTree = "<group>";
		};
		A00000000000000000000134 /* Sidebar */ = {
			isa = PBXGroup;
			children = (
				A0000000000000000000010A /* OpenFilesSidebar.swift */,
				A0000000000000000000012B /* OpenFoldersSidebar.swift */,
				A0000000000000000000012A /* OpenFoldersStore.swift */,
				A0000000000000000000010B /* SidebarSelectionRowView.swift */,
			);
			path = Sidebar;
			sourceTree = "<group>";
		};
		A00000000000000000000135 /* Window */ = {
			isa = PBXGroup;
			children = (
				A0000000000000000000010C /* EditorContentViewController.swift */,
				A0000000000000000000010D /* EditorWindow.swift */,
				A00000000000000000000165 /* EditorStatusBarView.swift */,
				A00000000000000000000127 /* FileDropHandling.swift */,
				A0000000000000000000010F /* ResizeHandleView.swift */,
				A0000000000000000000013B /* WorkspaceWindowController.swift */,
			);
			path = Window;
			sourceTree = "<group>";
		};
		A00000000000000000000033 /* Frameworks */ = {
			isa = PBXGroup;
			children = (
				A00000000000000000000006 /* Cocoa.framework */,
				A00000000000000000000176 /* XCTest.framework */,
			);
			name = Frameworks;
			sourceTree = "<group>";
		};
		A00000000000000000000034 /* Products */ = {
			isa = PBXGroup;
			children = (
				A00000000000000000000007 /* vMini.app */,
				A00000000000000000000182 /* vminiTests.xctest */,
			);
			name = Products;
			sourceTree = "<group>";
		};
		A00000000000000000000184 /* Tests */ = {
			isa = PBXGroup;
			children = (
				A00000000000000000000185 /* vminiTests */,
			);
			path = Tests;
			sourceTree = "<group>";
		};
		A00000000000000000000185 /* vminiTests */ = {
			isa = PBXGroup;
			children = (
				A00000000000000000000178 /* EditorTextEditingTests.swift */,
				A0000000000000000000017A /* EditorCommandTests.swift */,
				A0000000000000000000017C /* EditorFontTests.swift */,
				A0000000000000000000017E /* SyntaxHighlightingTests.swift */,
				A00000000000000000000180 /* ThemeSystemTests.swift */,
			);
			path = vminiTests;
			sourceTree = "<group>";
		};
/* End PBXGroup section */

/* Begin PBXNativeTarget section */
		A00000000000000000000041 /* vMini */ = {
			isa = PBXNativeTarget;
			buildConfigurationList = A00000000000000000000051 /* Build configuration list for PBXNativeTarget "vMini" */;
			buildPhases = (
				A00000000000000000000020 /* Sources */,
				A00000000000000000000021 /* Frameworks */,
				A00000000000000000000022 /* Resources */,
			);
			buildRules = (
			);
			dependencies = (
			);
			name = vMini;
			productName = vMini;
			productReference = A00000000000000000000007 /* vMini.app */;
			productType = "com.apple.product-type.application";
		};
		A00000000000000000000186 /* vminiTests */ = {
			isa = PBXNativeTarget;
			buildConfigurationList = A00000000000000000000187 /* Build configuration list for PBXNativeTarget "vminiTests" */;
			buildPhases = (
				A00000000000000000000188 /* Sources */,
				A00000000000000000000183 /* Frameworks */,
			);
			buildRules = (
			);
			dependencies = (
				A00000000000000000000189 /* PBXTargetDependency */,
			);
			name = vminiTests;
			productName = vminiTests;
			productReference = A00000000000000000000182 /* vminiTests.xctest */;
			productType = "com.apple.product-type.bundle.unit-test";
		};
/* End PBXNativeTarget section */

/* Begin PBXProject section */
		A00000000000000000000042 /* Project object */ = {
			isa = PBXProject;
			attributes = {
				BuildIndependentTargetsInParallel = 1;
				LastSwiftUpdateCheck = 2600;
				LastUpgradeCheck = 2600;
				TargetAttributes = {
					A00000000000000000000041 = {
						CreatedOnToolsVersion = 26.4.1;
					};
					A00000000000000000000186 = {
						CreatedOnToolsVersion = 26.4.1;
						TestTargetID = A00000000000000000000041;
					};
				};
			};
			buildConfigurationList = A00000000000000000000052 /* Build configuration list for PBXProject "vMini" */;
			developmentRegion = en;
			hasScannedForEncodings = 0;
			knownRegions = (
				en,
				Base,
			);
			mainGroup = A00000000000000000000031;
			minimizedProjectReferenceProxies = 1;
			preferredProjectObjectVersion = 77;
			productRefGroup = A00000000000000000000034 /* Products */;
			projectDirPath = "";
			projectRoot = "";
			targets = (
				A00000000000000000000041 /* vMini */,
				A00000000000000000000186 /* vminiTests */,
			);
		};
/* End PBXProject section */

/* Begin PBXResourcesBuildPhase section */
		A00000000000000000000022 /* Resources */ = {
			isa = PBXResourcesBuildPhase;
			buildActionMask = 2147483647;
			files = (
				A00000000000000000000123 /* Assets.xcassets in Resources */,
			);
			runOnlyForDeploymentPostprocessing = 0;
		};
/* End PBXResourcesBuildPhase section */

/* Begin PBXSourcesBuildPhase section */
		A00000000000000000000020 /* Sources */ = {
			isa = PBXSourcesBuildPhase;
			buildActionMask = 2147483647;
			files = (
				A0000000000000000000013C /* AppColors.swift in Sources */,
				A00000000000000000000111 /* AppDelegate.swift in Sources */,
				A00000000000000000000124 /* DocumentController.swift in Sources */,
				A0000000000000000000016A /* AppButton.swift in Sources */,
				A0000000000000000000016C /* GoToLineViewController.swift in Sources */,
				A0000000000000000000016E /* GoToLineWindowController.swift in Sources */,
				A00000000000000000000146 /* SettingsCoordinator.swift in Sources */,
				A00000000000000000000166 /* FontSelectionRowView.swift in Sources */,
				A00000000000000000000148 /* SettingsViewController.swift in Sources */,
				A0000000000000000000014A /* SettingsWindowController.swift in Sources */,
				A00000000000000000000112 /* MenuBuilder.swift in Sources */,
				A0000000000000000000014C /* ThemeSelectionRowView.swift in Sources */,
				A0000000000000000000014E /* ThemeManager.swift in Sources */,
				A00000000000000000000150 /* ThemePalette.swift in Sources */,
				A00000000000000000000152 /* ThemeStore.swift in Sources */,
				A00000000000000000000120 /* UserDefaultsKeys.swift in Sources */,
				A00000000000000000000113 /* VminiApp.swift in Sources */,
				A0000000000000000000013A /* WorkspaceWindowController.swift in Sources */,
				A00000000000000000000114 /* Document.swift in Sources */,
				A0000000000000000000012C /* DocumentFileWatcher.swift in Sources */,
				A00000000000000000000115 /* OpenDocumentsStore.swift in Sources */,
				A00000000000000000000160 /* SyntaxOverrideStore.swift in Sources */,
				A00000000000000000000162 /* RestorableDocumentReference.swift in Sources */,
				A00000000000000000000116 /* SessionRestorer.swift in Sources */,
				A00000000000000000000117 /* EditorSettings.swift in Sources */,
				A00000000000000000000168 /* EditorFont.swift in Sources */,
				A00000000000000000000190 /* ErrorBannerView.swift in Sources */,
				A00000000000000000000192 /* EditorTextViewStyler.swift in Sources */,
				A00000000000000000000194 /* EditorSyntaxHighlightController.swift in Sources */,
				A00000000000000000000196 /* EditorViewportController.swift in Sources */,
				A00000000000000000000172 /* EditorTextEditing.swift in Sources */,
				A00000000000000000000118 /* EditorViewController.swift in Sources */,
				A0000000000000000000015C /* JSONPrettifier.swift in Sources */,
				A00000000000000000000119 /* LineNumberRuler.swift in Sources */,
				A0000000000000000000018D /* SyntaxLanguage.swift in Sources */,
				A0000000000000000000013E /* SyntaxHighlighting.swift in Sources */,
				A00000000000000000000143 /* PlainTextSyntaxHighlighter.swift in Sources */,
				A00000000000000000000156 /* BashSyntaxHighlighter.swift in Sources */,
				A00000000000000000000158 /* SSHConfigSyntaxHighlighter.swift in Sources */,
				A0000000000000000000015A /* JSONSyntaxHighlighter.swift in Sources */,
				A00000000000000000000140 /* MarkdownSyntaxHighlighter.swift in Sources */,
				A0000000000000000000011A /* OpenFilesSidebar.swift in Sources */,
				A0000000000000000000011B /* SidebarSelectionRowView.swift in Sources */,
				A0000000000000000000011C /* EditorContentViewController.swift in Sources */,
				A0000000000000000000011D /* EditorWindow.swift in Sources */,
				A00000000000000000000164 /* EditorStatusBarView.swift in Sources */,
				A00000000000000000000126 /* FileDropHandling.swift in Sources */,
				A0000000000000000000011F /* ResizeHandleView.swift in Sources */,
				A00000000000000000000129 /* OpenFoldersSidebar.swift in Sources */,
				A00000000000000000000128 /* OpenFoldersStore.swift in Sources */,
			);
			runOnlyForDeploymentPostprocessing = 0;
		};
		A00000000000000000000188 /* Sources */ = {
			isa = PBXSourcesBuildPhase;
			buildActionMask = 2147483647;
			files = (
				A00000000000000000000177 /* EditorTextEditingTests.swift in Sources */,
				A00000000000000000000179 /* EditorCommandTests.swift in Sources */,
				A0000000000000000000017B /* EditorFontTests.swift in Sources */,
				A0000000000000000000017D /* SyntaxHighlightingTests.swift in Sources */,
				A0000000000000000000017F /* ThemeSystemTests.swift in Sources */,
			);
			runOnlyForDeploymentPostprocessing = 0;
		};
/* End PBXSourcesBuildPhase section */

/* Begin PBXTargetDependency section */
		A00000000000000000000189 /* PBXTargetDependency */ = {
			isa = PBXTargetDependency;
			target = A00000000000000000000041 /* vMini */;
			targetProxy = A00000000000000000000181 /* PBXContainerItemProxy */;
		};
/* End PBXTargetDependency section */

/* Begin XCBuildConfiguration section */
		A00000000000000000000061 /* Debug */ = {
			isa = XCBuildConfiguration;
			buildSettings = {
				ALWAYS_SEARCH_USER_PATHS = NO;
				CLANG_ENABLE_MODULES = YES;
				CLANG_ENABLE_OBJC_ARC = YES;
				COPY_PHASE_STRIP = NO;
				DEBUG_INFORMATION_FORMAT = dwarf;
				ENABLE_STRICT_OBJC_MSGSEND = YES;
				GCC_C_LANGUAGE_STANDARD = gnu17;
				GCC_DYNAMIC_NO_PIC = NO;
				GCC_NO_COMMON_BLOCKS = YES;
				GCC_OPTIMIZATION_LEVEL = 0;
				GCC_PREPROCESSOR_DEFINITIONS = (
					"DEBUG=1",
					"$(inherited)",
				);
				MACOSX_DEPLOYMENT_TARGET = 13.0;
				ONLY_ACTIVE_ARCH = YES;
				SDKROOT = macosx;
				SWIFT_ACTIVE_COMPILATION_CONDITIONS = "DEBUG $(inherited)";
			};
			name = Debug;
		};
		A00000000000000000000062 /* Release */ = {
			isa = XCBuildConfiguration;
			buildSettings = {
				ALWAYS_SEARCH_USER_PATHS = NO;
				CLANG_ENABLE_MODULES = YES;
				CLANG_ENABLE_OBJC_ARC = YES;
				COPY_PHASE_STRIP = NO;
				DEBUG_INFORMATION_FORMAT = "dwarf-with-dsym";
				ENABLE_NS_ASSERTIONS = NO;
				ENABLE_STRICT_OBJC_MSGSEND = YES;
				GCC_C_LANGUAGE_STANDARD = gnu17;
				GCC_NO_COMMON_BLOCKS = YES;
				MACOSX_DEPLOYMENT_TARGET = 13.0;
				SDKROOT = macosx;
				SWIFT_COMPILATION_MODE = wholemodule;
			};
			name = Release;
		};
		A00000000000000000000071 /* Debug */ = {
			isa = XCBuildConfiguration;
			buildSettings = {
				ASSETCATALOG_COMPILER_APPICON_NAME = AppIcon;
				CODE_SIGN_STYLE = Automatic;
				CURRENT_PROJECT_VERSION = 1;
				DEVELOPMENT_TEAM = "";
				DEFINES_MODULE = YES;
				ENABLE_TESTABILITY = YES;
				GENERATE_INFOPLIST_FILE = NO;
				INFOPLIST_FILE = vmini/Info.plist;
				LD_RUNPATH_SEARCH_PATHS = (
					"$(inherited)",
					"@executable_path/../Frameworks",
				);
				MACOSX_DEPLOYMENT_TARGET = 13.0;
				MARKETING_VERSION = 1.0.8;
				PRODUCT_MODULE_NAME = vmini;
				PRODUCT_BUNDLE_IDENTIFIER = com.miniapp.vmini;
				PRODUCT_NAME = vMini;
				SWIFT_EMIT_LOC_STRINGS = YES;
				SWIFT_VERSION = 6.0;
			};
			name = Debug;
		};
		A00000000000000000000072 /* Release */ = {
			isa = XCBuildConfiguration;
			buildSettings = {
				ASSETCATALOG_COMPILER_APPICON_NAME = AppIcon;
				CODE_SIGN_STYLE = Automatic;
				CURRENT_PROJECT_VERSION = 1;
				DEVELOPMENT_TEAM = "";
				DEFINES_MODULE = YES;
				GENERATE_INFOPLIST_FILE = NO;
				INFOPLIST_FILE = vmini/Info.plist;
				LD_RUNPATH_SEARCH_PATHS = (
					"$(inherited)",
					"@executable_path/../Frameworks",
				);
				MACOSX_DEPLOYMENT_TARGET = 13.0;
				MARKETING_VERSION = 1.0.8;
				PRODUCT_MODULE_NAME = vmini;
				PRODUCT_BUNDLE_IDENTIFIER = com.miniapp.vmini;
				PRODUCT_NAME = vMini;
				SWIFT_EMIT_LOC_STRINGS = YES;
				SWIFT_VERSION = 6.0;
			};
			name = Release;
		};
		A0000000000000000000018A /* Debug */ = {
			isa = XCBuildConfiguration;
			buildSettings = {
				BUNDLE_LOADER = "$(TEST_HOST)";
				CODE_SIGN_STYLE = Automatic;
				CURRENT_PROJECT_VERSION = 1;
				GENERATE_INFOPLIST_FILE = YES;
				MACOSX_DEPLOYMENT_TARGET = 13.0;
				PRODUCT_BUNDLE_IDENTIFIER = com.miniapp.vminiTests;
				PRODUCT_NAME = "$(TARGET_NAME)";
				SWIFT_EMIT_LOC_STRINGS = NO;
				SWIFT_VERSION = 6.0;
				TEST_HOST = "$(BUILT_PRODUCTS_DIR)/vMini.app/Contents/MacOS/vMini";
				TEST_TARGET_NAME = vMini;
			};
			name = Debug;
		};
		A0000000000000000000018B /* Release */ = {
			isa = XCBuildConfiguration;
			buildSettings = {
				BUNDLE_LOADER = "$(TEST_HOST)";
				CODE_SIGN_STYLE = Automatic;
				CURRENT_PROJECT_VERSION = 1;
				GENERATE_INFOPLIST_FILE = YES;
				MACOSX_DEPLOYMENT_TARGET = 13.0;
				PRODUCT_BUNDLE_IDENTIFIER = com.miniapp.vminiTests;
				PRODUCT_NAME = "$(TARGET_NAME)";
				SWIFT_EMIT_LOC_STRINGS = NO;
				SWIFT_VERSION = 6.0;
				TEST_HOST = "$(BUILT_PRODUCTS_DIR)/vMini.app/Contents/MacOS/vMini";
				TEST_TARGET_NAME = vMini;
			};
			name = Release;
		};
/* End XCBuildConfiguration section */

/* Begin XCConfigurationList section */
		A00000000000000000000051 /* Build configuration list for PBXNativeTarget "vMini" */ = {
			isa = XCConfigurationList;
			buildConfigurations = (
				A00000000000000000000071 /* Debug */,
				A00000000000000000000072 /* Release */,
			);
			defaultConfigurationIsVisible = 0;
			defaultConfigurationName = Release;
		};
		A00000000000000000000052 /* Build configuration list for PBXProject "vMini" */ = {
			isa = XCConfigurationList;
			buildConfigurations = (
				A00000000000000000000061 /* Debug */,
				A00000000000000000000062 /* Release */,
			);
			defaultConfigurationIsVisible = 0;
			defaultConfigurationName = Release;
		};
		A00000000000000000000187 /* Build configuration list for PBXNativeTarget "vminiTests" */ = {
			isa = XCConfigurationList;
			buildConfigurations = (
				A0000000000000000000018A /* Debug */,
				A0000000000000000000018B /* Release */,
			);
			defaultConfigurationIsVisible = 0;
			defaultConfigurationName = Release;
		};
/* End XCConfigurationList section */
	};
	rootObject = A00000000000000000000042 /* Project object */;
}
