// !$*UTF8*$!
{
	archiveVersion = 1;
	classes = {
	};
	objectVersion = 77;
	objects = {

/* Begin PBXBuildFile section */
		A00000000000000000000016 /* Cocoa.framework in Frameworks */ = {isa = PBXBuildFile; fileRef = A00000000000000000000006 /* Cocoa.framework */; };
		A00000000000000000000123 /* Assets.xcassets in Resources */ = {isa = PBXBuildFile; fileRef = A00000000000000000000122 /* Assets.xcassets */; };
		A00000000000000000000111 /* AppDelegate.swift in Sources */ = {isa = PBXBuildFile; fileRef = A00000000000000000000101 /* AppDelegate.swift */; };
		A00000000000000000000124 /* DocumentController.swift in Sources */ = {isa = PBXBuildFile; fileRef = A00000000000000000000125 /* DocumentController.swift */; };
		A00000000000000000000112 /* MenuBuilder.swift in Sources */ = {isa = PBXBuildFile; fileRef = A00000000000000000000102 /* MenuBuilder.swift */; };
		A00000000000000000000113 /* main.swift in Sources */ = {isa = PBXBuildFile; fileRef = A00000000000000000000103 /* main.swift */; };
		A00000000000000000000120 /* UserDefaultsKeys.swift in Sources */ = {isa = PBXBuildFile; fileRef = A00000000000000000000110 /* UserDefaultsKeys.swift */; };
		A00000000000000000000114 /* Document.swift in Sources */ = {isa = PBXBuildFile; fileRef = A00000000000000000000104 /* Document.swift */; };
		A0000000000000000000012C /* DocumentFileWatcher.swift in Sources */ = {isa = PBXBuildFile; fileRef = A0000000000000000000012D /* DocumentFileWatcher.swift */; };
		A00000000000000000000115 /* OpenDocumentsStore.swift in Sources */ = {isa = PBXBuildFile; fileRef = A00000000000000000000105 /* OpenDocumentsStore.swift */; };
		A00000000000000000000116 /* SessionRestorer.swift in Sources */ = {isa = PBXBuildFile; fileRef = A00000000000000000000106 /* SessionRestorer.swift */; };
		A00000000000000000000117 /* EditorSettings.swift in Sources */ = {isa = PBXBuildFile; fileRef = A00000000000000000000107 /* EditorSettings.swift */; };
		A00000000000000000000118 /* EditorViewController.swift in Sources */ = {isa = PBXBuildFile; fileRef = A00000000000000000000108 /* EditorViewController.swift */; };
		A00000000000000000000119 /* LineNumberRuler.swift in Sources */ = {isa = PBXBuildFile; fileRef = A00000000000000000000109 /* LineNumberRuler.swift */; };
		A0000000000000000000011A /* OpenFilesSidebar.swift in Sources */ = {isa = PBXBuildFile; fileRef = A0000000000000000000010A /* OpenFilesSidebar.swift */; };
		A0000000000000000000011B /* SidebarSelectionRowView.swift in Sources */ = {isa = PBXBuildFile; fileRef = A0000000000000000000010B /* SidebarSelectionRowView.swift */; };
		A0000000000000000000011C /* EditorContentViewController.swift in Sources */ = {isa = PBXBuildFile; fileRef = A0000000000000000000010C /* EditorContentViewController.swift */; };
		A0000000000000000000011D /* EditorWindow.swift in Sources */ = {isa = PBXBuildFile; fileRef = A0000000000000000000010D /* EditorWindow.swift */; };
		A0000000000000000000011E /* EditorWindowController.swift in Sources */ = {isa = PBXBuildFile; fileRef = A0000000000000000000010E /* EditorWindowController.swift */; };
		A0000000000000000000011F /* ResizeHandleView.swift in Sources */ = {isa = PBXBuildFile; fileRef = A0000000000000000000010F /* ResizeHandleView.swift */; };
		A00000000000000000000126 /* FileDropHandling.swift in Sources */ = {isa = PBXBuildFile; fileRef = A00000000000000000000127 /* FileDropHandling.swift */; };
		A00000000000000000000128 /* OpenFoldersStore.swift in Sources */ = {isa = PBXBuildFile; fileRef = A0000000000000000000012A /* OpenFoldersStore.swift */; };
		A00000000000000000000129 /* OpenFoldersSidebar.swift in Sources */ = {isa = PBXBuildFile; fileRef = A0000000000000000000012B /* OpenFoldersSidebar.swift */; };
/* End PBXBuildFile section */

/* Begin PBXFileReference section */
		A00000000000000000000006 /* Cocoa.framework */ = {isa = PBXFileReference; lastKnownFileType = wrapper.framework; name = Cocoa.framework; path = System/Library/Frameworks/Cocoa.framework; sourceTree = SDKROOT; };
		A00000000000000000000007 /* vMini.app */ = {isa = PBXFileReference; explicitFileType = wrapper.application; includeInIndex = 0; path = vMini.app; sourceTree = BUILT_PRODUCTS_DIR; };
		A00000000000000000000008 /* Info.plist */ = {isa = PBXFileReference; lastKnownFileType = text.plist.xml; path = Info.plist; sourceTree = "<group>"; };
		A00000000000000000000122 /* Assets.xcassets */ = {isa = PBXFileReference; lastKnownFileType = folder.assetcatalog; path = Assets.xcassets; sourceTree = "<group>"; };
		A00000000000000000000101 /* AppDelegate.swift */ = {isa = PBXFileReference; lastKnownFileType = sourcecode.swift; path = AppDelegate.swift; sourceTree = "<group>"; };
		A00000000000000000000125 /* DocumentController.swift */ = {isa = PBXFileReference; lastKnownFileType = sourcecode.swift; path = DocumentController.swift; sourceTree = "<group>"; };
		A00000000000000000000102 /* MenuBuilder.swift */ = {isa = PBXFileReference; lastKnownFileType = sourcecode.swift; path = MenuBuilder.swift; sourceTree = "<group>"; };
		A00000000000000000000103 /* main.swift */ = {isa = PBXFileReference; lastKnownFileType = sourcecode.swift; path = main.swift; sourceTree = "<group>"; };
		A00000000000000000000110 /* UserDefaultsKeys.swift */ = {isa = PBXFileReference; lastKnownFileType = sourcecode.swift; path = UserDefaultsKeys.swift; sourceTree = "<group>"; };
		A00000000000000000000104 /* Document.swift */ = {isa = PBXFileReference; lastKnownFileType = sourcecode.swift; path = Document.swift; sourceTree = "<group>"; };
		A0000000000000000000012D /* DocumentFileWatcher.swift */ = {isa = PBXFileReference; lastKnownFileType = sourcecode.swift; path = DocumentFileWatcher.swift; sourceTree = "<group>"; };
		A00000000000000000000105 /* OpenDocumentsStore.swift */ = {isa = PBXFileReference; lastKnownFileType = sourcecode.swift; path = OpenDocumentsStore.swift; sourceTree = "<group>"; };
		A00000000000000000000106 /* SessionRestorer.swift */ = {isa = PBXFileReference; lastKnownFileType = sourcecode.swift; path = SessionRestorer.swift; sourceTree = "<group>"; };
		A00000000000000000000107 /* EditorSettings.swift */ = {isa = PBXFileReference; lastKnownFileType = sourcecode.swift; path = EditorSettings.swift; sourceTree = "<group>"; };
		A00000000000000000000108 /* EditorViewController.swift */ = {isa = PBXFileReference; lastKnownFileType = sourcecode.swift; path = EditorViewController.swift; sourceTree = "<group>"; };
		A00000000000000000000109 /* LineNumberRuler.swift */ = {isa = PBXFileReference; lastKnownFileType = sourcecode.swift; path = LineNumberRuler.swift; sourceTree = "<group>"; };
		A0000000000000000000010A /* OpenFilesSidebar.swift */ = {isa = PBXFileReference; lastKnownFileType = sourcecode.swift; path = OpenFilesSidebar.swift; sourceTree = "<group>"; };
		A0000000000000000000010B /* SidebarSelectionRowView.swift */ = {isa = PBXFileReference; lastKnownFileType = sourcecode.swift; path = SidebarSelectionRowView.swift; sourceTree = "<group>"; };
		A0000000000000000000010C /* EditorContentViewController.swift */ = {isa = PBXFileReference; lastKnownFileType = sourcecode.swift; path = EditorContentViewController.swift; sourceTree = "<group>"; };
		A0000000000000000000010D /* EditorWindow.swift */ = {isa = PBXFileReference; lastKnownFileType = sourcecode.swift; path = EditorWindow.swift; sourceTree = "<group>"; };
		A0000000000000000000010E /* EditorWindowController.swift */ = {isa = PBXFileReference; lastKnownFileType = sourcecode.swift; path = EditorWindowController.swift; sourceTree = "<group>"; };
		A0000000000000000000010F /* ResizeHandleView.swift */ = {isa = PBXFileReference; lastKnownFileType = sourcecode.swift; path = ResizeHandleView.swift; sourceTree = "<group>"; };
		A00000000000000000000127 /* FileDropHandling.swift */ = {isa = PBXFileReference; lastKnownFileType = sourcecode.swift; path = FileDropHandling.swift; sourceTree = "<group>"; };
		A0000000000000000000012A /* OpenFoldersStore.swift */ = {isa = PBXFileReference; lastKnownFileType = sourcecode.swift; path = OpenFoldersStore.swift; sourceTree = "<group>"; };
		A0000000000000000000012B /* OpenFoldersSidebar.swift */ = {isa = PBXFileReference; lastKnownFileType = sourcecode.swift; path = OpenFoldersSidebar.swift; sourceTree = "<group>"; };
/* End PBXFileReference section */

/* Begin PBXFrameworksBuildPhase section */
		A00000000000000000000021 /* Frameworks */ = {
			isa = PBXFrameworksBuildPhase;
			buildActionMask = 2147483647;
			files = (
				A00000000000000000000016 /* Cocoa.framework in Frameworks */,
			);
			runOnlyForDeploymentPostprocessing = 0;
		};
/* End PBXFrameworksBuildPhase section */

/* Begin PBXGroup section */
		A00000000000000000000031 = {
			isa = PBXGroup;
			children = (
				A00000000000000000000032 /* vmini */,
				A00000000000000000000033 /* Frameworks */,
				A00000000000000000000034 /* Products */,
			);
			sourceTree = "<group>";
		};
		A00000000000000000000032 /* vmini */ = {
			isa = PBXGroup;
			children = (
				A00000000000000000000131 /* App */,
				A00000000000000000000122 /* Assets.xcassets */,
				A00000000000000000000132 /* Documents */,
				A00000000000000000000133 /* Editor */,
				A00000000000000000000134 /* Sidebar */,
				A00000000000000000000135 /* Window */,
				A00000000000000000000008 /* Info.plist */,
			);
			path = vmini;
			sourceTree = "<group>";
		};
		A00000000000000000000131 /* App */ = {
			isa = PBXGroup;
			children = (
				A00000000000000000000101 /* AppDelegate.swift */,
				A00000000000000000000125 /* DocumentController.swift */,
				A00000000000000000000102 /* MenuBuilder.swift */,
				A00000000000000000000110 /* UserDefaultsKeys.swift */,
				A00000000000000000000103 /* main.swift */,
			);
			path = App;
			sourceTree = "<group>";
		};
		A00000000000000000000132 /* Documents */ = {
			isa = PBXGroup;
			children = (
				A00000000000000000000104 /* Document.swift */,
				A0000000000000000000012D /* DocumentFileWatcher.swift */,
				A00000000000000000000105 /* OpenDocumentsStore.swift */,
				A00000000000000000000106 /* SessionRestorer.swift */,
			);
			path = Documents;
			sourceTree = "<group>";
		};
		A00000000000000000000133 /* Editor */ = {
			isa = PBXGroup;
			children = (
				A00000000000000000000107 /* EditorSettings.swift */,
				A00000000000000000000108 /* EditorViewController.swift */,
				A00000000000000000000109 /* LineNumberRuler.swift */,
			);
			path = Editor;
			sourceTree = "<group>";
		};
		A00000000000000000000134 /* Sidebar */ = {
			isa = PBXGroup;
			children = (
				A0000000000000000000010A /* OpenFilesSidebar.swift */,
				A0000000000000000000012B /* OpenFoldersSidebar.swift */,
				A0000000000000000000012A /* OpenFoldersStore.swift */,
				A0000000000000000000010B /* SidebarSelectionRowView.swift */,
			);
			path = Sidebar;
			sourceTree = "<group>";
		};
		A00000000000000000000135 /* Window */ = {
			isa = PBXGroup;
			children = (
				A0000000000000000000010C /* EditorContentViewController.swift */,
				A0000000000000000000010D /* EditorWindow.swift */,
				A0000000000000000000010E /* EditorWindowController.swift */,
				A00000000000000000000127 /* FileDropHandling.swift */,
				A0000000000000000000010F /* ResizeHandleView.swift */,
			);
			path = Window;
			sourceTree = "<group>";
		};
		A00000000000000000000033 /* Frameworks */ = {
			isa = PBXGroup;
			children = (
				A00000000000000000000006 /* Cocoa.framework */,
			);
			name = Frameworks;
			sourceTree = "<group>";
		};
		A00000000000000000000034 /* Products */ = {
			isa = PBXGroup;
			children = (
				A00000000000000000000007 /* vMini.app */,
			);
			name = Products;
			sourceTree = "<group>";
		};
/* End PBXGroup section */

/* Begin PBXNativeTarget section */
		A00000000000000000000041 /* vMini */ = {
			isa = PBXNativeTarget;
			buildConfigurationList = A00000000000000000000051 /* Build configuration list for PBXNativeTarget "vMini" */;
			buildPhases = (
				A00000000000000000000020 /* Sources */,
				A00000000000000000000021 /* Frameworks */,
				A00000000000000000000022 /* Resources */,
			);
			buildRules = (
			);
			dependencies = (
			);
			name = vMini;
			productName = vMini;
			productReference = A00000000000000000000007 /* vMini.app */;
			productType = "com.apple.product-type.application";
		};
/* End PBXNativeTarget section */

/* Begin PBXProject section */
		A00000000000000000000042 /* Project object */ = {
			isa = PBXProject;
			attributes = {
				BuildIndependentTargetsInParallel = 1;
				LastSwiftUpdateCheck = 2600;
				LastUpgradeCheck = 2600;
				TargetAttributes = {
					A00000000000000000000041 = {
						CreatedOnToolsVersion = 26.4.1;
					};
				};
			};
			buildConfigurationList = A00000000000000000000052 /* Build configuration list for PBXProject "vMini" */;
			developmentRegion = en;
			hasScannedForEncodings = 0;
			knownRegions = (
				en,
				Base,
			);
			mainGroup = A00000000000000000000031;
			minimizedProjectReferenceProxies = 1;
			preferredProjectObjectVersion = 77;
			productRefGroup = A00000000000000000000034 /* Products */;
			projectDirPath = "";
			projectRoot = "";
			targets = (
				A00000000000000000000041 /* vMini */,
			);
		};
/* End PBXProject section */

/* Begin PBXResourcesBuildPhase section */
		A00000000000000000000022 /* Resources */ = {
			isa = PBXResourcesBuildPhase;
			buildActionMask = 2147483647;
			files = (
				A00000000000000000000123 /* Assets.xcassets in Resources */,
			);
			runOnlyForDeploymentPostprocessing = 0;
		};
/* End PBXResourcesBuildPhase section */

/* Begin PBXSourcesBuildPhase section */
		A00000000000000000000020 /* Sources */ = {
			isa = PBXSourcesBuildPhase;
			buildActionMask = 2147483647;
			files = (
				A00000000000000000000111 /* AppDelegate.swift in Sources */,
				A00000000000000000000124 /* DocumentController.swift in Sources */,
				A00000000000000000000112 /* MenuBuilder.swift in Sources */,
				A00000000000000000000120 /* UserDefaultsKeys.swift in Sources */,
				A00000000000000000000113 /* main.swift in Sources */,
				A00000000000000000000114 /* Document.swift in Sources */,
				A0000000000000000000012C /* DocumentFileWatcher.swift in Sources */,
				A00000000000000000000115 /* OpenDocumentsStore.swift in Sources */,
				A00000000000000000000116 /* SessionRestorer.swift in Sources */,
				A00000000000000000000117 /* EditorSettings.swift in Sources */,
				A00000000000000000000118 /* EditorViewController.swift in Sources */,
				A00000000000000000000119 /* LineNumberRuler.swift in Sources */,
				A0000000000000000000011A /* OpenFilesSidebar.swift in Sources */,
				A0000000000000000000011B /* SidebarSelectionRowView.swift in Sources */,
				A0000000000000000000011C /* EditorContentViewController.swift in Sources */,
				A0000000000000000000011D /* EditorWindow.swift in Sources */,
				A0000000000000000000011E /* EditorWindowController.swift in Sources */,
				A00000000000000000000126 /* FileDropHandling.swift in Sources */,
				A0000000000000000000011F /* ResizeHandleView.swift in Sources */,
				A00000000000000000000129 /* OpenFoldersSidebar.swift in Sources */,
				A00000000000000000000128 /* OpenFoldersStore.swift in Sources */,
			);
			runOnlyForDeploymentPostprocessing = 0;
		};
/* End PBXSourcesBuildPhase section */

/* Begin XCBuildConfiguration section */
		A00000000000000000000061 /* Debug */ = {
			isa = XCBuildConfiguration;
			buildSettings = {
				ALWAYS_SEARCH_USER_PATHS = NO;
				CLANG_ENABLE_MODULES = YES;
				CLANG_ENABLE_OBJC_ARC = YES;
				COPY_PHASE_STRIP = NO;
				DEBUG_INFORMATION_FORMAT = dwarf;
				ENABLE_STRICT_OBJC_MSGSEND = YES;
				GCC_C_LANGUAGE_STANDARD = gnu17;
				GCC_DYNAMIC_NO_PIC = NO;
				GCC_NO_COMMON_BLOCKS = YES;
				GCC_OPTIMIZATION_LEVEL = 0;
				GCC_PREPROCESSOR_DEFINITIONS = (
					"DEBUG=1",
					"$(inherited)",
				);
				MACOSX_DEPLOYMENT_TARGET = 13.0;
				ONLY_ACTIVE_ARCH = YES;
				SDKROOT = macosx;
				SWIFT_ACTIVE_COMPILATION_CONDITIONS = "DEBUG $(inherited)";
			};
			name = Debug;
		};
		A00000000000000000000062 /* Release */ = {
			isa = XCBuildConfiguration;
			buildSettings = {
				ALWAYS_SEARCH_USER_PATHS = NO;
				CLANG_ENABLE_MODULES = YES;
				CLANG_ENABLE_OBJC_ARC = YES;
				COPY_PHASE_STRIP = NO;
				DEBUG_INFORMATION_FORMAT = "dwarf-with-dsym";
				ENABLE_NS_ASSERTIONS = NO;
				ENABLE_STRICT_OBJC_MSGSEND = YES;
				GCC_C_LANGUAGE_STANDARD = gnu17;
				GCC_NO_COMMON_BLOCKS = YES;
				MACOSX_DEPLOYMENT_TARGET = 13.0;
				SDKROOT = macosx;
				SWIFT_COMPILATION_MODE = wholemodule;
			};
			name = Release;
		};
		A00000000000000000000071 /* Debug */ = {
			isa = XCBuildConfiguration;
			buildSettings = {
				ASSETCATALOG_COMPILER_APPICON_NAME = AppIcon;
				CODE_SIGN_STYLE = Automatic;
				CURRENT_PROJECT_VERSION = 1;
				DEVELOPMENT_TEAM = "";
				GENERATE_INFOPLIST_FILE = NO;
				INFOPLIST_FILE = vmini/Info.plist;
				LD_RUNPATH_SEARCH_PATHS = (
					"$(inherited)",
					"@executable_path/../Frameworks",
				);
				MACOSX_DEPLOYMENT_TARGET = 13.0;
				MARKETING_VERSION = 1.0;
				PRODUCT_BUNDLE_IDENTIFIER = com.miniapp.vmini;
				PRODUCT_NAME = vMini;
				SWIFT_EMIT_LOC_STRINGS = YES;
				SWIFT_VERSION = 6.0;
			};
			name = Debug;
		};
		A00000000000000000000072 /* Release */ = {
			isa = XCBuildConfiguration;
			buildSettings = {
				ASSETCATALOG_COMPILER_APPICON_NAME = AppIcon;
				CODE_SIGN_STYLE = Automatic;
				CURRENT_PROJECT_VERSION = 1;
				DEVELOPMENT_TEAM = "";
				GENERATE_INFOPLIST_FILE = NO;
				INFOPLIST_FILE = vmini/Info.plist;
				LD_RUNPATH_SEARCH_PATHS = (
					"$(inherited)",
					"@executable_path/../Frameworks",
				);
				MACOSX_DEPLOYMENT_TARGET = 13.0;
				MARKETING_VERSION = 1.0;
				PRODUCT_BUNDLE_IDENTIFIER = com.miniapp.vmini;
				PRODUCT_NAME = vMini;
				SWIFT_EMIT_LOC_STRINGS = YES;
				SWIFT_VERSION = 6.0;
			};
			name = Release;
		};
/* End XCBuildConfiguration section */

/* Begin XCConfigurationList section */
		A00000000000000000000051 /* Build configuration list for PBXNativeTarget "vMini" */ = {
			isa = XCConfigurationList;
			buildConfigurations = (
				A00000000000000000000071 /* Debug */,
				A00000000000000000000072 /* Release */,
			);
			defaultConfigurationIsVisible = 0;
			defaultConfigurationName = Release;
		};
		A00000000000000000000052 /* Build configuration list for PBXProject "vMini" */ = {
			isa = XCConfigurationList;
			buildConfigurations = (
				A00000000000000000000061 /* Debug */,
				A00000000000000000000062 /* Release */,
			);
			defaultConfigurationIsVisible = 0;
			defaultConfigurationName = Release;
		};
/* End XCConfigurationList section */
	};
	rootObject = A00000000000000000000042 /* Project object */;
}
